{
  "name": "hello-world",
  "version": "1.0.0",
  "lockfileVersion": 1,
  "requires": true,
  "dependencies": {
    "bigojs": {
      "version": "1.0.1",
      "resolved": "https://registry.npmjs.org/bigojs/-/bigojs-1.0.1.tgz",
      "integrity": "sha512-SWnCifZiV92WwoXdEGOTzMsOTw1JpoOBb/nie0whpMv7wdukJVOYVat/y/sW2mlNg0qnTFD0k4T8boOgN9OCDg==",
      "requires": {
        "minimist": "^1.2.5",
        "mustache": "^4.0.1"
      }
    },
    "minimist": {
      "version": "1.2.5",
      "resolved": "https://registry.npmjs.org/minimist/-/minimist-1.2.5.tgz",
      "integrity": "sha512-FM9nNUYrRBAELZQT3xeZQ7fmMOBg6nWNmJKTcgsJeaLstP/UODVpGsr5OhXhhXg6f+qtJ8uiZ+PUxkDWcgIXLw=="
    },
    "mustache": {
      "version": "4.0.1",
      "resolved": "https://registry.npmjs.org/mustache/-/mustache-4.0.1.tgz",
      "integrity": "sha512-yL5VE97+OXn4+Er3THSmTdCFCtx5hHWzrolvH+JObZnUYwuaG7XV+Ch4fR2cIrcYI0tFHxS7iyFYl14bW8y2sA=="
    }
  }
}
